
Microsoft Visual Studio Solution File, Format Version 12.00
# Visual Studio 15
VisualStudioVersion = 15.0.28010.2050
MinimumVisualStudioVersion = 10.0.40219.1
Project("{FAE04EC0-301F-11D3-BF4B-00C04F79EFBC}") = "AchieveIt", "AchieveIt\AchieveIt.csproj", "{90739F7E-032C-4033-A4EB-78726B481BB6}"
EndProject
Global
	GlobalSection(SolutionConfigurationPlatforms) = preSolution
		Debug|Any CPU = Debug|Any CPU
		Release|Any CPU = Release|Any CPU
	EndGlobalSection
	GlobalSection(ProjectConfigurationPlatforms) = postSolution
		{90739F7E-032C-4033-A4EB-78726B481BB6}.Debug|Any CPU.ActiveCfg = Debug|Any CPU
		{90739F7E-032C-4033-A4EB-78726B481BB6}.Debug|Any CPU.Build.0 = Debug|Any CPU
		{90739F7E-032C-4033-A4EB-78726B481BB6}.Release|Any CPU.ActiveCfg = Release|Any CPU
		{90739F7E-032C-4033-A4EB-78726B481BB6}.Release|Any CPU.Build.0 = Release|Any CPU
	EndGlobalSection
	GlobalSection(SolutionProperties) = preSolution
		HideSolutionNode = FALSE
	EndGlobalSection
	GlobalSection(ExtensibilityGlobals) = postSolution
		SolutionGuid = {F15A9F4B-7CB7-4143-89E8-C55EE173879C}
	EndGlobalSection
EndGlobal
